
Microsoft Visual Studio Solution File, Format Version 12.00
# Visual Studio Version 16
VisualStudioVersion = 16.0.30309.148
MinimumVisualStudioVersion = 10.0.40219.1
Project("{FAE04EC0-301F-11D3-BF4B-00C04F79EFBC}") = "百度云链接解析", "WTF\百度云链接解析.csproj", "{A8FA4F7B-9BC1-4A85-AF6D-85B6DD2BD709}"
EndProject
Global
	GlobalSection(SolutionConfigurationPlatforms) = preSolution
		Debug|Any CPU = Debug|Any CPU
		Release|Any CPU = Release|Any CPU
	EndGlobalSection
	GlobalSection(ProjectConfigurationPlatforms) = postSolution
		{A8FA4F7B-9BC1-4A85-AF6D-85B6DD2BD709}.Debug|Any CPU.ActiveCfg = Debug|Any CPU
		{A8FA4F7B-9BC1-4A85-AF6D-85B6DD2BD709}.Debug|Any CPU.Build.0 = Debug|Any CPU
		{A8FA4F7B-9BC1-4A85-AF6D-85B6DD2BD709}.Release|Any CPU.ActiveCfg = Release|Any CPU
		{A8FA4F7B-9BC1-4A85-AF6D-85B6DD2BD709}.Release|Any CPU.Build.0 = Release|Any CPU
	EndGlobalSection
	GlobalSection(SolutionProperties) = preSolution
		HideSolutionNode = FALSE
	EndGlobalSection
	GlobalSection(ExtensibilityGlobals) = postSolution
		SolutionGuid = {8D8C75A3-FCB4-4CEB-9785-35DF2BB35DA7}
	EndGlobalSection
EndGlobal
